
Microsoft Visual Studio Solution File, Format Version 12.00
# Visual Studio Version 16
VisualStudioVersion = 16.0.29806.167
MinimumVisualStudioVersion = 10.0.40219.1
Project("{2150E333-8FDC-42A3-9474-1A3956D46DE8}") = "Application", "Application", "{89DBCBCF-C2C6-4EA2-AE9D-A4D790D589B1}"
EndProject
Project("{2150E333-8FDC-42A3-9474-1A3956D46DE8}") = "Domain", "Domain", "{4CC1B78D-392D-4680-9453-3843654F4ACF}"
EndProject
Project("{2150E333-8FDC-42A3-9474-1A3956D46DE8}") = "Infra.IoC", "Infra.IoC", "{73FFB388-F324-493D-BE42-4FB5C986B03E}"
EndProject
Project("{2150E333-8FDC-42A3-9474-1A3956D46DE8}") = "Infra.Data", "Infra.Data", "{7F50735F-3E7C-41F6-9869-95AB3E5780DA}"
EndProject
Project("{2150E333-8FDC-42A3-9474-1A3956D46DE8}") = "Presentation", "Presentation", "{CDE078E9-E19A-4AE5-BD00-9FE682E1C4D5}"
EndProject
Project("{9A19103F-16F7-4668-BE54-9A1E7A4F7556}") = "CleanArch.Mvc", "CleanArch.Mvc\CleanArch.Mvc.csproj", "{B514CB43-AE9E-4765-802C-BBA4F9F69413}"
EndProject
Project("{9A19103F-16F7-4668-BE54-9A1E7A4F7556}") = "CleanArch.Domain", "CleanArch.Domain\CleanArch.Domain.csproj", "{32C9BE83-4F6F-41E3-A41F-B453D5FAF3FD}"
EndProject
Project("{9A19103F-16F7-4668-BE54-9A1E7A4F7556}") = "CleanArch.Infra.Data", "CleanArch.Infra.Data\CleanArch.Infra.Data.csproj", "{B545F587-B1B0-4EB7-913D-5DD78B89B3A4}"
EndProject
Project("{9A19103F-16F7-4668-BE54-9A1E7A4F7556}") = "CleanArch.Application", "CleanArch.Application\CleanArch.Application.csproj", "{6E1CC518-8913-4E55-9A3A-1AED9D8F7AAD}"
EndProject
Project("{FAE04EC0-301F-11D3-BF4B-00C04F79EFBC}") = "CleanArch.Infra.IoC", "CleanArch.Infra.IoC\CleanArch.Infra.IoC.csproj", "{8E78EA33-BE8E-47E1-B1CC-E4C729E5864B}"
EndProject
Global
	GlobalSection(SolutionConfigurationPlatforms) = preSolution
		Debug|Any CPU = Debug|Any CPU
		Release|Any CPU = Release|Any CPU
	EndGlobalSection
	GlobalSection(ProjectConfigurationPlatforms) = postSolution
		{B514CB43-AE9E-4765-802C-BBA4F9F69413}.Debug|Any CPU.ActiveCfg = Debug|Any CPU
		{B514CB43-AE9E-4765-802C-BBA4F9F69413}.Debug|Any CPU.Build.0 = Debug|Any CPU
		{B514CB43-AE9E-4765-802C-BBA4F9F69413}.Release|Any CPU.ActiveCfg = Release|Any CPU
		{B514CB43-AE9E-4765-802C-BBA4F9F69413}.Release|Any CPU.Build.0 = Release|Any CPU
		{32C9BE83-4F6F-41E3-A41F-B453D5FAF3FD}.Debug|Any CPU.ActiveCfg = Debug|Any CPU
		{32C9BE83-4F6F-41E3-A41F-B453D5FAF3FD}.Debug|Any CPU.Build.0 = Debug|Any CPU
		{32C9BE83-4F6F-41E3-A41F-B453D5FAF3FD}.Release|Any CPU.ActiveCfg = Release|Any CPU
		{32C9BE83-4F6F-41E3-A41F-B453D5FAF3FD}.Release|Any CPU.Build.0 = Release|Any CPU
		{B545F587-B1B0-4EB7-913D-5DD78B89B3A4}.Debug|Any CPU.ActiveCfg = Debug|Any CPU
		{B545F587-B1B0-4EB7-913D-5DD78B89B3A4}.Debug|Any CPU.Build.0 = Debug|Any CPU
		{B545F587-B1B0-4EB7-913D-5DD78B89B3A4}.Release|Any CPU.ActiveCfg = Release|Any CPU
		{B545F587-B1B0-4EB7-913D-5DD78B89B3A4}.Release|Any CPU.Build.0 = Release|Any CPU
		{6E1CC518-8913-4E55-9A3A-1AED9D8F7AAD}.Debug|Any CPU.ActiveCfg = Debug|Any CPU
		{6E1CC518-8913-4E55-9A3A-1AED9D8F7AAD}.Debug|Any CPU.Build.0 = Debug|Any CPU
		{6E1CC518-8913-4E55-9A3A-1AED9D8F7AAD}.Release|Any CPU.ActiveCfg = Release|Any CPU
		{6E1CC518-8913-4E55-9A3A-1AED9D8F7AAD}.Release|Any CPU.Build.0 = Release|Any CPU
		{8E78EA33-BE8E-47E1-B1CC-E4C729E5864B}.Debug|Any CPU.ActiveCfg = Debug|Any CPU
		{8E78EA33-BE8E-47E1-B1CC-E4C729E5864B}.Debug|Any CPU.Build.0 = Debug|Any CPU
		{8E78EA33-BE8E-47E1-B1CC-E4C729E5864B}.Release|Any CPU.ActiveCfg = Release|Any CPU
		{8E78EA33-BE8E-47E1-B1CC-E4C729E5864B}.Release|Any CPU.Build.0 = Release|Any CPU
	EndGlobalSection
	GlobalSection(SolutionProperties) = preSolution
		HideSolutionNode = FALSE
	EndGlobalSection
	GlobalSection(NestedProjects) = preSolution
		{B514CB43-AE9E-4765-802C-BBA4F9F69413} = {CDE078E9-E19A-4AE5-BD00-9FE682E1C4D5}
		{32C9BE83-4F6F-41E3-A41F-B453D5FAF3FD} = {4CC1B78D-392D-4680-9453-3843654F4ACF}
		{B545F587-B1B0-4EB7-913D-5DD78B89B3A4} = {7F50735F-3E7C-41F6-9869-95AB3E5780DA}
		{6E1CC518-8913-4E55-9A3A-1AED9D8F7AAD} = {89DBCBCF-C2C6-4EA2-AE9D-A4D790D589B1}
		{8E78EA33-BE8E-47E1-B1CC-E4C729E5864B} = {73FFB388-F324-493D-BE42-4FB5C986B03E}
	EndGlobalSection
	GlobalSection(ExtensibilityGlobals) = postSolution
		SolutionGuid = {067696E4-E419-4276-9738-1B563852E45A}
	EndGlobalSection
EndGlobal
